
Microsoft Visual Studio Solution File, Format Version 12.00
# Visual Studio Version 16
VisualStudioVersion = 16.0.30621.155
MinimumVisualStudioVersion = 10.0.40219.1
Project("{9A19103F-16F7-4668-BE54-9A1E7A4F7556}") = "DataAccess", "DataAccess\DataAccess.csproj", "{818F4A49-3BA9-46D4-BB49-0310F3543FE3}"
EndProject
Project("{9A19103F-16F7-4668-BE54-9A1E7A4F7556}") = "Business", "Business\Business.csproj", "{2CB81855-88DA-4C76-8C33-B773BD0D5432}"
EndProject
Project("{9A19103F-16F7-4668-BE54-9A1E7A4F7556}") = "Entities", "Entities\Entities.csproj", "{10CDB599-49F4-4E54-ABD7-1EA5E9F5AFB7}"
EndProject
Project("{9A19103F-16F7-4668-BE54-9A1E7A4F7556}") = "ConsoleUI", "ConsoleUI\ConsoleUI.csproj", "{B462F9AA-04D9-4637-B050-514AA7FA43AF}"
EndProject
Project("{9A19103F-16F7-4668-BE54-9A1E7A4F7556}") = "Core", "Core\Core.csproj", "{D045E114-D765-45A5-9E9F-5365F3111200}"
EndProject
Project("{FAE04EC0-301F-11D3-BF4B-00C04F79EFBC}") = "WebAPI", "WebAPI\WebAPI.csproj", "{6FA44109-7234-404A-A6F0-B277236FE029}"
EndProject
Global
	GlobalSection(SolutionConfigurationPlatforms) = preSolution
		Debug|Any CPU = Debug|Any CPU
		Release|Any CPU = Release|Any CPU
	EndGlobalSection
	GlobalSection(ProjectConfigurationPlatforms) = postSolution
		{818F4A49-3BA9-46D4-BB49-0310F3543FE3}.Debug|Any CPU.ActiveCfg = Debug|Any CPU
		{818F4A49-3BA9-46D4-BB49-0310F3543FE3}.Debug|Any CPU.Build.0 = Debug|Any CPU
		{818F4A49-3BA9-46D4-BB49-0310F3543FE3}.Release|Any CPU.ActiveCfg = Release|Any CPU
		{818F4A49-3BA9-46D4-BB49-0310F3543FE3}.Release|Any CPU.Build.0 = Release|Any CPU
		{2CB81855-88DA-4C76-8C33-B773BD0D5432}.Debug|Any CPU.ActiveCfg = Debug|Any CPU
		{2CB81855-88DA-4C76-8C33-B773BD0D5432}.Debug|Any CPU.Build.0 = Debug|Any CPU
		{2CB81855-88DA-4C76-8C33-B773BD0D5432}.Release|Any CPU.ActiveCfg = Release|Any CPU
		{2CB81855-88DA-4C76-8C33-B773BD0D5432}.Release|Any CPU.Build.0 = Release|Any CPU
		{10CDB599-49F4-4E54-ABD7-1EA5E9F5AFB7}.Debug|Any CPU.ActiveCfg = Debug|Any CPU
		{10CDB599-49F4-4E54-ABD7-1EA5E9F5AFB7}.Debug|Any CPU.Build.0 = Debug|Any CPU
		{10CDB599-49F4-4E54-ABD7-1EA5E9F5AFB7}.Release|Any CPU.ActiveCfg = Release|Any CPU
		{10CDB599-49F4-4E54-ABD7-1EA5E9F5AFB7}.Release|Any CPU.Build.0 = Release|Any CPU
		{B462F9AA-04D9-4637-B050-514AA7FA43AF}.Debug|Any CPU.ActiveCfg = Debug|Any CPU
		{B462F9AA-04D9-4637-B050-514AA7FA43AF}.Debug|Any CPU.Build.0 = Debug|Any CPU
		{B462F9AA-04D9-4637-B050-514AA7FA43AF}.Release|Any CPU.ActiveCfg = Release|Any CPU
		{B462F9AA-04D9-4637-B050-514AA7FA43AF}.Release|Any CPU.Build.0 = Release|Any CPU
		{D045E114-D765-45A5-9E9F-5365F3111200}.Debug|Any CPU.ActiveCfg = Debug|Any CPU
		{D045E114-D765-45A5-9E9F-5365F3111200}.Debug|Any CPU.Build.0 = Debug|Any CPU
		{D045E114-D765-45A5-9E9F-5365F3111200}.Release|Any CPU.ActiveCfg = Release|Any CPU
		{D045E114-D765-45A5-9E9F-5365F3111200}.Release|Any CPU.Build.0 = Release|Any CPU
		{6FA44109-7234-404A-A6F0-B277236FE029}.Debug|Any CPU.ActiveCfg = Debug|Any CPU
		{6FA44109-7234-404A-A6F0-B277236FE029}.Debug|Any CPU.Build.0 = Debug|Any CPU
		{6FA44109-7234-404A-A6F0-B277236FE029}.Release|Any CPU.ActiveCfg = Release|Any CPU
		{6FA44109-7234-404A-A6F0-B277236FE029}.Release|Any CPU.Build.0 = Release|Any CPU
	EndGlobalSection
	GlobalSection(SolutionProperties) = preSolution
		HideSolutionNode = FALSE
	EndGlobalSection
	GlobalSection(ExtensibilityGlobals) = postSolution
		SolutionGuid = {6BD2E169-2A74-45D7-9A73-AF02D9329F98}
	EndGlobalSection
EndGlobal
